{
  "version": 4,
  "terraform_version": "1.5.7",
  "serial": 1,
  "lineage": "3708ad89-3227-212b-e8ae-7698a0721c73",
  "outputs": {},
  "resources": [
    {
      "mode": "managed",
      "type": "github_repository",
      "name": "example",
      "provider": "provider[\"registry.terraform.io/hashicorp/github\"]",
      "instances": [
        {
          "schema_version": 1,
          "attributes": {
            "allow_auto_merge": false,
            "allow_merge_commit": true,
            "allow_rebase_merge": true,
            "allow_squash_merge": true,
            "allow_update_branch": false,
            "archive_on_destroy": null,
            "archived": false,
            "auto_init": null,
            "default_branch": "main",
            "delete_branch_on_merge": false,
            "description": "This Repository is created using terraform",
            "etag": "W/\"faf323f5470eb492b3f0c49f4c3439365f299c593632544a39c9edcd28cbcbe0\"",
            "full_name": "AyushRay06/terraform_repo",
            "git_clone_url": "git://github.com/AyushRay06/terraform_repo.git",
            "gitignore_template": null,
            "has_discussions": false,
            "has_downloads": false,
            "has_issues": false,
            "has_projects": false,
            "has_wiki": false,
            "homepage_url": "",
            "html_url": "https://github.com/AyushRay06/terraform_repo",
            "http_clone_url": "https://github.com/AyushRay06/terraform_repo.git",
            "id": "terraform_repo",
            "ignore_vulnerability_alerts_during_read": null,
            "is_template": false,
            "license_template": null,
            "merge_commit_message": "PR_TITLE",
            "merge_commit_title": "MERGE_MESSAGE",
            "name": "terraform_repo",
            "node_id": "R_kgDOKWpJ6g",
            "pages": [],
            "primary_language": "",
            "private": false,
            "repo_id": 694831594,
            "security_and_analysis": [
              {
                "advanced_security": [],
                "secret_scanning": [
                  {
                    "status": "disabled"
                  }
                ],
                "secret_scanning_push_protection": [
                  {
                    "status": "disabled"
                  }
                ]
              }
            ],
            "squash_merge_commit_message": "COMMIT_MESSAGES",
            "squash_merge_commit_title": "COMMIT_OR_PR_TITLE",
            "ssh_clone_url": "git@github.com:AyushRay06/terraform_repo.git",
            "svn_url": "https://github.com/AyushRay06/terraform_repo",
            "template": [],
            "topics": [],
            "visibility": "public",
            "vulnerability_alerts": false
          },
          "sensitive_attributes": [],
          "private": "eyJzY2hlbWFfdmVyc2lvbiI6IjEifQ=="
        }
      ]
    }
  ],
  "check_results": null
}
